// !$*UTF8*$!
{
	archiveVersion = 1;
	classes = {
	};
	objectVersion = 50;
	objects = {

/* Begin PBXBuildFile section */
		40E627D4229525D500088276 /* AppDelegate.swift in Sources */ = {isa = PBXBuildFile; fileRef = 40E627D3229525D500088276 /* AppDelegate.swift */; };
		40E627D9229525D500088276 /* Main.storyboard in Resources */ = {isa = PBXBuildFile; fileRef = 40E627D7229525D500088276 /* Main.storyboard */; };
		40E627DC229525D500088276 /* GroceryList.xcdatamodeld in Sources */ = {isa = PBXBuildFile; fileRef = 40E627DA229525D500088276 /* GroceryList.xcdatamodeld */; };
		40E627DE229525D800088276 /* Assets.xcassets in Resources */ = {isa = PBXBuildFile; fileRef = 40E627DD229525D800088276 /* Assets.xcassets */; };
		40E627E1229525D800088276 /* LaunchScreen.storyboard in Resources */ = {isa = PBXBuildFile; fileRef = 40E627DF229525D800088276 /* LaunchScreen.storyboard */; };
		40E627E92295261100088276 /* Item.swift in Sources */ = {isa = PBXBuildFile; fileRef = 40E627E82295261100088276 /* Item.swift */; };
		40E627EB2295267300088276 /* GroceriesTableViewController.swift in Sources */ = {isa = PBXBuildFile; fileRef = 40E627EA2295267300088276 /* GroceriesTableViewController.swift */; };
		A127AF2022A7026600D1381B /* AddingHelper.swift in Sources */ = {isa = PBXBuildFile; fileRef = A127AF1F22A7026600D1381B /* AddingHelper.swift */; };
		A127AF2122A7047500D1381B /* AddingHelper.swift in Sources */ = {isa = PBXBuildFile; fileRef = A127AF1F22A7026600D1381B /* AddingHelper.swift */; };
		A1F5085222A6F10E005E70F5 /* IntentHandler.swift in Sources */ = {isa = PBXBuildFile; fileRef = A1F5085122A6F10E005E70F5 /* IntentHandler.swift */; };
		A1F5085622A6F10E005E70F5 /* AddItems.appex in Embed App Extensions */ = {isa = PBXBuildFile; fileRef = A1F5084F22A6F10D005E70F5 /* AddItems.appex */; settings = {ATTRIBUTES = (RemoveHeadersOnCopy, ); }; };
		CC97B2F822A33D4600602F65 /* AddViewController.swift in Sources */ = {isa = PBXBuildFile; fileRef = CC97B2F722A33D4600602F65 /* AddViewController.swift */; };
/* End PBXBuildFile section */

/* Begin PBXContainerItemProxy section */
		A1F5085422A6F10E005E70F5 /* PBXContainerItemProxy */ = {
			isa = PBXContainerItemProxy;
			containerPortal = 40E627C8229525D500088276 /* Project object */;
			proxyType = 1;
			remoteGlobalIDString = A1F5084E22A6F10D005E70F5;
			remoteInfo = AddItems;
		};
/* End PBXContainerItemProxy section */

/* Begin PBXCopyFilesBuildPhase section */
		A1F5083B22A6A7B6005E70F5 /* Embed App Extensions */ = {
			isa = PBXCopyFilesBuildPhase;
			buildActionMask = 2147483647;
			dstPath = "";
			dstSubfolderSpec = 13;
			files = (
				A1F5085622A6F10E005E70F5 /* AddItems.appex in Embed App Extensions */,
			);
			name = "Embed App Extensions";
			runOnlyForDeploymentPostprocessing = 0;
		};
/* End PBXCopyFilesBuildPhase section */

/* Begin PBXFileReference section */
		40E627D0229525D500088276 /* GroceryList.app */ = {isa = PBXFileReference; explicitFileType = wrapper.application; includeInIndex = 0; path = GroceryList.app; sourceTree = BUILT_PRODUCTS_DIR; };
		40E627D3229525D500088276 /* AppDelegate.swift */ = {isa = PBXFileReference; lastKnownFileType = sourcecode.swift; path = AppDelegate.swift; sourceTree = "<group>"; };
		40E627D8229525D500088276 /* Base */ = {isa = PBXFileReference; lastKnownFileType = file.storyboard; name = Base; path = Base.lproj/Main.storyboard; sourceTree = "<group>"; };
		40E627DB229525D500088276 /* GroceryList.xcdatamodel */ = {isa = PBXFileReference; lastKnownFileType = wrapper.xcdatamodel; path = GroceryList.xcdatamodel; sourceTree = "<group>"; };
		40E627DD229525D800088276 /* Assets.xcassets */ = {isa = PBXFileReference; lastKnownFileType = folder.assetcatalog; path = Assets.xcassets; sourceTree = "<group>"; };
		40E627E0229525D800088276 /* Base */ = {isa = PBXFileReference; lastKnownFileType = file.storyboard; name = Base; path = Base.lproj/LaunchScreen.storyboard; sourceTree = "<group>"; };
		40E627E2229525D800088276 /* Info.plist */ = {isa = PBXFileReference; lastKnownFileType = text.plist.xml; path = Info.plist; sourceTree = "<group>"; };
		40E627E82295261100088276 /* Item.swift */ = {isa = PBXFileReference; lastKnownFileType = sourcecode.swift; path = Item.swift; sourceTree = "<group>"; };
		40E627EA2295267300088276 /* GroceriesTableViewController.swift */ = {isa = PBXFileReference; lastKnownFileType = sourcecode.swift; path = GroceriesTableViewController.swift; sourceTree = "<group>"; };
		A127AF1F22A7026600D1381B /* AddingHelper.swift */ = {isa = PBXFileReference; lastKnownFileType = sourcecode.swift; path = AddingHelper.swift; sourceTree = "<group>"; };
		A1F5084F22A6F10D005E70F5 /* AddItems.appex */ = {isa = PBXFileReference; explicitFileType = "wrapper.app-extension"; includeInIndex = 0; path = AddItems.appex; sourceTree = BUILT_PRODUCTS_DIR; };
		A1F5085122A6F10E005E70F5 /* IntentHandler.swift */ = {isa = PBXFileReference; lastKnownFileType = sourcecode.swift; path = IntentHandler.swift; sourceTree = "<group>"; };
		A1F5085322A6F10E005E70F5 /* Info.plist */ = {isa = PBXFileReference; lastKnownFileType = text.plist.xml; path = Info.plist; sourceTree = "<group>"; };
		A1F5085A22A6F22C005E70F5 /* AddItems.entitlements */ = {isa = PBXFileReference; lastKnownFileType = text.plist.entitlements; path = AddItems.entitlements; sourceTree = "<group>"; };
		CC97B2F622A32E5800602F65 /* GroceryList.entitlements */ = {isa = PBXFileReference; lastKnownFileType = text.plist.entitlements; path = GroceryList.entitlements; sourceTree = "<group>"; };
		CC97B2F722A33D4600602F65 /* AddViewController.swift */ = {isa = PBXFileReference; lastKnownFileType = sourcecode.swift; path = AddViewController.swift; sourceTree = "<group>"; };
/* End PBXFileReference section */

/* Begin PBXFrameworksBuildPhase section */
		40E627CD229525D500088276 /* Frameworks */ = {
			isa = PBXFrameworksBuildPhase;
			buildActionMask = 2147483647;
			files = (
			);
			runOnlyForDeploymentPostprocessing = 0;
		};
		A1F5084C22A6F10D005E70F5 /* Frameworks */ = {
			isa = PBXFrameworksBuildPhase;
			buildActionMask = 2147483647;
			files = (
			);
			runOnlyForDeploymentPostprocessing = 0;
		};
/* End PBXFrameworksBuildPhase section */

/* Begin PBXGroup section */
		40E627C7229525D500088276 = {
			isa = PBXGroup;
			children = (
				40E627D2229525D500088276 /* GroceryList */,
				A1F5085022A6F10E005E70F5 /* AddItems */,
				40E627D1229525D500088276 /* Products */,
			);
			sourceTree = "<group>";
		};
		40E627D1229525D500088276 /* Products */ = {
			isa = PBXGroup;
			children = (
				40E627D0229525D500088276 /* GroceryList.app */,
				A1F5084F22A6F10D005E70F5 /* AddItems.appex */,
			);
			name = Products;
			sourceTree = "<group>";
		};
		40E627D2229525D500088276 /* GroceryList */ = {
			isa = PBXGroup;
			children = (
				CC97B2F622A32E5800602F65 /* GroceryList.entitlements */,
				40E627EA2295267300088276 /* GroceriesTableViewController.swift */,
				CC97B2F722A33D4600602F65 /* AddViewController.swift */,
				40E627D3229525D500088276 /* AppDelegate.swift */,
				40E627E82295261100088276 /* Item.swift */,
				40E627D7229525D500088276 /* Main.storyboard */,
				40E627DF229525D800088276 /* LaunchScreen.storyboard */,
				40E627DD229525D800088276 /* Assets.xcassets */,
				40E627E2229525D800088276 /* Info.plist */,
				40E627DA229525D500088276 /* GroceryList.xcdatamodeld */,
				A127AF1F22A7026600D1381B /* AddingHelper.swift */,
			);
			path = GroceryList;
			sourceTree = "<group>";
		};
		A1F5085022A6F10E005E70F5 /* AddItems */ = {
			isa = PBXGroup;
			children = (
				A1F5085A22A6F22C005E70F5 /* AddItems.entitlements */,
				A1F5085122A6F10E005E70F5 /* IntentHandler.swift */,
				A1F5085322A6F10E005E70F5 /* Info.plist */,
			);
			path = AddItems;
			sourceTree = "<group>";
		};
/* End PBXGroup section */

/* Begin PBXNativeTarget section */
		40E627CF229525D500088276 /* GroceryList */ = {
			isa = PBXNativeTarget;
			buildConfigurationList = 40E627E5229525D800088276 /* Build configuration list for PBXNativeTarget "GroceryList" */;
			buildPhases = (
				40E627CC229525D500088276 /* Sources */,
				40E627CD229525D500088276 /* Frameworks */,
				40E627CE229525D500088276 /* Resources */,
				A1F5083B22A6A7B6005E70F5 /* Embed App Extensions */,
			);
			buildRules = (
			);
			dependencies = (
				A1F5085522A6F10E005E70F5 /* PBXTargetDependency */,
			);
			name = GroceryList;
			productName = GroceryList;
			productReference = 40E627D0229525D500088276 /* GroceryList.app */;
			productType = "com.apple.product-type.application";
		};
		A1F5084E22A6F10D005E70F5 /* AddItems */ = {
			isa = PBXNativeTarget;
			buildConfigurationList = A1F5085722A6F10E005E70F5 /* Build configuration list for PBXNativeTarget "AddItems" */;
			buildPhases = (
				A1F5084B22A6F10D005E70F5 /* Sources */,
				A1F5084C22A6F10D005E70F5 /* Frameworks */,
				A1F5084D22A6F10D005E70F5 /* Resources */,
			);
			buildRules = (
			);
			dependencies = (
			);
			name = AddItems;
			productName = AddItems;
			productReference = A1F5084F22A6F10D005E70F5 /* AddItems.appex */;
			productType = "com.apple.product-type.app-extension";
		};
/* End PBXNativeTarget section */

/* Begin PBXProject section */
		40E627C8229525D500088276 /* Project object */ = {
			isa = PBXProject;
			attributes = {
				LastSwiftUpdateCheck = 1020;
				LastUpgradeCheck = 1020;
				ORGANIZATIONNAME = UTS;
				TargetAttributes = {
					40E627CF229525D500088276 = {
						CreatedOnToolsVersion = 10.2;
						SystemCapabilities = {
							com.apple.ApplicationGroups.iOS = {
								enabled = 1;
							};
							com.apple.Siri = {
								enabled = 1;
							};
						};
					};
					A1F5084E22A6F10D005E70F5 = {
						CreatedOnToolsVersion = 10.2.1;
						SystemCapabilities = {
							com.apple.ApplicationGroups.iOS = {
								enabled = 1;
							};
						};
					};
				};
			};
			buildConfigurationList = 40E627CB229525D500088276 /* Build configuration list for PBXProject "groceryList" */;
			compatibilityVersion = "Xcode 9.3";
			developmentRegion = en;
			hasScannedForEncodings = 0;
			knownRegions = (
				en,
				Base,
			);
			mainGroup = 40E627C7229525D500088276;
			productRefGroup = 40E627D1229525D500088276 /* Products */;
			projectDirPath = "";
			projectRoot = "";
			targets = (
				40E627CF229525D500088276 /* GroceryList */,
				A1F5084E22A6F10D005E70F5 /* AddItems */,
			);
		};
/* End PBXProject section */

/* Begin PBXResourcesBuildPhase section */
		40E627CE229525D500088276 /* Resources */ = {
			isa = PBXResourcesBuildPhase;
			buildActionMask = 2147483647;
			files = (
				40E627E1229525D800088276 /* LaunchScreen.storyboard in Resources */,
				40E627DE229525D800088276 /* Assets.xcassets in Resources */,
				40E627D9229525D500088276 /* Main.storyboard in Resources */,
			);
			runOnlyForDeploymentPostprocessing = 0;
		};
		A1F5084D22A6F10D005E70F5 /* Resources */ = {
			isa = PBXResourcesBuildPhase;
			buildActionMask = 2147483647;
			files = (
			);
			runOnlyForDeploymentPostprocessing = 0;
		};
/* End PBXResourcesBuildPhase section */

/* Begin PBXSourcesBuildPhase section */
		40E627CC229525D500088276 /* Sources */ = {
			isa = PBXSourcesBuildPhase;
			buildActionMask = 2147483647;
			files = (
				CC97B2F822A33D4600602F65 /* AddViewController.swift in Sources */,
				40E627E92295261100088276 /* Item.swift in Sources */,
				40E627DC229525D500088276 /* GroceryList.xcdatamodeld in Sources */,
				40E627D4229525D500088276 /* AppDelegate.swift in Sources */,
				A127AF2022A7026600D1381B /* AddingHelper.swift in Sources */,
				40E627EB2295267300088276 /* GroceriesTableViewController.swift in Sources */,
			);
			runOnlyForDeploymentPostprocessing = 0;
		};
		A1F5084B22A6F10D005E70F5 /* Sources */ = {
			isa = PBXSourcesBuildPhase;
			buildActionMask = 2147483647;
			files = (
				A127AF2122A7047500D1381B /* AddingHelper.swift in Sources */,
				A1F5085222A6F10E005E70F5 /* IntentHandler.swift in Sources */,
			);
			runOnlyForDeploymentPostprocessing = 0;
		};
/* End PBXSourcesBuildPhase section */

/* Begin PBXTargetDependency section */
		A1F5085522A6F10E005E70F5 /* PBXTargetDependency */ = {
			isa = PBXTargetDependency;
			target = A1F5084E22A6F10D005E70F5 /* AddItems */;
			targetProxy = A1F5085422A6F10E005E70F5 /* PBXContainerItemProxy */;
		};
/* End PBXTargetDependency section */

/* Begin PBXVariantGroup section */
		40E627D7229525D500088276 /* Main.storyboard */ = {
			isa = PBXVariantGroup;
			children = (
				40E627D8229525D500088276 /* Base */,
			);
			name = Main.storyboard;
			sourceTree = "<group>";
		};
		40E627DF229525D800088276 /* LaunchScreen.storyboard */ = {
			isa = PBXVariantGroup;
			children = (
				40E627E0229525D800088276 /* Base */,
			);
			name = LaunchScreen.storyboard;
			sourceTree = "<group>";
		};
/* End PBXVariantGroup section */

/* Begin XCBuildConfiguration section */
		40E627E3229525D800088276 /* Debug */ = {
			isa = XCBuildConfiguration;
			buildSettings = {
				ALWAYS_SEARCH_USER_PATHS = NO;
				CLANG_ANALYZER_NONNULL = YES;
				CLANG_ANALYZER_NUMBER_OBJECT_CONVERSION = YES_AGGRESSIVE;
				CLANG_CXX_LANGUAGE_STANDARD = "gnu++14";
				CLANG_CXX_LIBRARY = "libc++";
				CLANG_ENABLE_MODULES = YES;
				CLANG_ENABLE_OBJC_ARC = YES;
				CLANG_ENABLE_OBJC_WEAK = YES;
				CLANG_WARN_BLOCK_CAPTURE_AUTORELEASING = YES;
				CLANG_WARN_BOOL_CONVERSION = YES;
				CLANG_WARN_COMMA = YES;
				CLANG_WARN_CONSTANT_CONVERSION = YES;
				CLANG_WARN_DEPRECATED_OBJC_IMPLEMENTATIONS = YES;
				CLANG_WARN_DIRECT_OBJC_ISA_USAGE = YES_ERROR;
				CLANG_WARN_DOCUMENTATION_COMMENTS = YES;
				CLANG_WARN_EMPTY_BODY = YES;
				CLANG_WARN_ENUM_CONVERSION = YES;
				CLANG_WARN_INFINITE_RECURSION = YES;
				CLANG_WARN_INT_CONVERSION = YES;
				CLANG_WARN_NON_LITERAL_NULL_CONVERSION = YES;
				CLANG_WARN_OBJC_IMPLICIT_RETAIN_SELF = YES;
				CLANG_WARN_OBJC_LITERAL_CONVERSION = YES;
				CLANG_WARN_OBJC_ROOT_CLASS = YES_ERROR;
				CLANG_WARN_RANGE_LOOP_ANALYSIS = YES;
				CLANG_WARN_STRICT_PROTOTYPES = YES;
				CLANG_WARN_SUSPICIOUS_MOVE = YES;
				CLANG_WARN_UNGUARDED_AVAILABILITY = YES_AGGRESSIVE;
				CLANG_WARN_UNREACHABLE_CODE = YES;
				CLANG_WARN__DUPLICATE_METHOD_MATCH = YES;
				CODE_SIGN_IDENTITY = "iPhone Developer";
				COPY_PHASE_STRIP = NO;
				DEBUG_INFORMATION_FORMAT = dwarf;
				ENABLE_STRICT_OBJC_MSGSEND = YES;
				ENABLE_TESTABILITY = YES;
				GCC_C_LANGUAGE_STANDARD = gnu11;
				GCC_DYNAMIC_NO_PIC = NO;
				GCC_NO_COMMON_BLOCKS = YES;
				GCC_OPTIMIZATION_LEVEL = 0;
				GCC_PREPROCESSOR_DEFINITIONS = (
					"DEBUG=1",
					"$(inherited)",
				);
				GCC_WARN_64_TO_32_BIT_CONVERSION = YES;
				GCC_WARN_ABOUT_RETURN_TYPE = YES_ERROR;
				GCC_WARN_UNDECLARED_SELECTOR = YES;
				GCC_WARN_UNINITIALIZED_AUTOS = YES_AGGRESSIVE;
				GCC_WARN_UNUSED_FUNCTION = YES;
				GCC_WARN_UNUSED_VARIABLE = YES;
				IPHONEOS_DEPLOYMENT_TARGET = 12.2;
				MTL_ENABLE_DEBUG_INFO = INCLUDE_SOURCE;
				MTL_FAST_MATH = YES;
				ONLY_ACTIVE_ARCH = YES;
				SDKROOT = iphoneos;
				SWIFT_ACTIVE_COMPILATION_CONDITIONS = DEBUG;
				SWIFT_OPTIMIZATION_LEVEL = "-Onone";
			};
			name = Debug;
		};
		40E627E4229525D800088276 /* Release */ = {
			isa = XCBuildConfiguration;
			buildSettings = {
				ALWAYS_SEARCH_USER_PATHS = NO;
				CLANG_ANALYZER_NONNULL = YES;
				CLANG_ANALYZER_NUMBER_OBJECT_CONVERSION = YES_AGGRESSIVE;
				CLANG_CXX_LANGUAGE_STANDARD = "gnu++14";
				CLANG_CXX_LIBRARY = "libc++";
				CLANG_ENABLE_MODULES = YES;
				CLANG_ENABLE_OBJC_ARC = YES;
				CLANG_ENABLE_OBJC_WEAK = YES;
				CLANG_WARN_BLOCK_CAPTURE_AUTORELEASING = YES;
				CLANG_WARN_BOOL_CONVERSION = YES;
				CLANG_WARN_COMMA = YES;
				CLANG_WARN_CONSTANT_CONVERSION = YES;
				CLANG_WARN_DEPRECATED_OBJC_IMPLEMENTATIONS = YES;
				CLANG_WARN_DIRECT_OBJC_ISA_USAGE = YES_ERROR;
				CLANG_WARN_DOCUMENTATION_COMMENTS = YES;
				CLANG_WARN_EMPTY_BODY = YES;
				CLANG_WARN_ENUM_CONVERSION = YES;
				CLANG_WARN_INFINITE_RECURSION = YES;
				CLANG_WARN_INT_CONVERSION = YES;
				CLANG_WARN_NON_LITERAL_NULL_CONVERSION = YES;
				CLANG_WARN_OBJC_IMPLICIT_RETAIN_SELF = YES;
				CLANG_WARN_OBJC_LITERAL_CONVERSION = YES;
				CLANG_WARN_OBJC_ROOT_CLASS = YES_ERROR;
				CLANG_WARN_RANGE_LOOP_ANALYSIS = YES;
				CLANG_WARN_STRICT_PROTOTYPES = YES;
				CLANG_WARN_SUSPICIOUS_MOVE = YES;
				CLANG_WARN_UNGUARDED_AVAILABILITY = YES_AGGRESSIVE;
				CLANG_WARN_UNREACHABLE_CODE = YES;
				CLANG_WARN__DUPLICATE_METHOD_MATCH = YES;
				CODE_SIGN_IDENTITY = "iPhone Developer";
				COPY_PHASE_STRIP = NO;
				DEBUG_INFORMATION_FORMAT = "dwarf-with-dsym";
				ENABLE_NS_ASSERTIONS = NO;
				ENABLE_STRICT_OBJC_MSGSEND = YES;
				GCC_C_LANGUAGE_STANDARD = gnu11;
				GCC_NO_COMMON_BLOCKS = YES;
				GCC_WARN_64_TO_32_BIT_CONVERSION = YES;
				GCC_WARN_ABOUT_RETURN_TYPE = YES_ERROR;
				GCC_WARN_UNDECLARED_SELECTOR = YES;
				GCC_WARN_UNINITIALIZED_AUTOS = YES_AGGRESSIVE;
				GCC_WARN_UNUSED_FUNCTION = YES;
				GCC_WARN_UNUSED_VARIABLE = YES;
				IPHONEOS_DEPLOYMENT_TARGET = 12.2;
				MTL_ENABLE_DEBUG_INFO = NO;
				MTL_FAST_MATH = YES;
				SDKROOT = iphoneos;
				SWIFT_COMPILATION_MODE = wholemodule;
				SWIFT_OPTIMIZATION_LEVEL = "-O";
				VALIDATE_PRODUCT = YES;
			};
			name = Release;
		};
		40E627E6229525D800088276 /* Debug */ = {
			isa = XCBuildConfiguration;
			buildSettings = {
				ALWAYS_EMBED_SWIFT_STANDARD_LIBRARIES = YES;
				ASSETCATALOG_COMPILER_APPICON_NAME = AppIcon;
				CODE_SIGN_ENTITLEMENTS = GroceryList/GroceryList.entitlements;
				CODE_SIGN_STYLE = Automatic;
				DEVELOPMENT_TEAM = B9W399TV4M;
				INFOPLIST_FILE = GroceryList/Info.plist;
				LD_RUNPATH_SEARCH_PATHS = (
					"$(inherited)",
					"@executable_path/Frameworks",
				);
				PRODUCT_BUNDLE_IDENTIFIER = UTS.GroceryListApp11;
				PRODUCT_NAME = "$(TARGET_NAME)";
				SWIFT_VERSION = 5.0;
				TARGETED_DEVICE_FAMILY = "1,2";
			};
			name = Debug;
		};
		40E627E7229525D800088276 /* Release */ = {
			isa = XCBuildConfiguration;
			buildSettings = {
				ALWAYS_EMBED_SWIFT_STANDARD_LIBRARIES = YES;
				ASSETCATALOG_COMPILER_APPICON_NAME = AppIcon;
				CODE_SIGN_ENTITLEMENTS = GroceryList/GroceryList.entitlements;
				CODE_SIGN_STYLE = Automatic;
				DEVELOPMENT_TEAM = B9W399TV4M;
				INFOPLIST_FILE = GroceryList/Info.plist;
				LD_RUNPATH_SEARCH_PATHS = (
					"$(inherited)",
					"@executable_path/Frameworks",
				);
				PRODUCT_BUNDLE_IDENTIFIER = UTS.GroceryListApp11;
				PRODUCT_NAME = "$(TARGET_NAME)";
				SWIFT_VERSION = 5.0;
				TARGETED_DEVICE_FAMILY = "1,2";
			};
			name = Release;
		};
		A1F5085822A6F10E005E70F5 /* Debug */ = {
			isa = XCBuildConfiguration;
			buildSettings = {
				CODE_SIGN_ENTITLEMENTS = AddItems/AddItems.entitlements;
				CODE_SIGN_STYLE = Automatic;
				DEVELOPMENT_TEAM = B9W399TV4M;
				INFOPLIST_FILE = AddItems/Info.plist;
				LD_RUNPATH_SEARCH_PATHS = (
					"$(inherited)",
					"@executable_path/Frameworks",
					"@executable_path/../../Frameworks",
				);
				PRODUCT_BUNDLE_IDENTIFIER = UTS.GroceryListApp11.AddItems;
				PRODUCT_NAME = "$(TARGET_NAME)";
				SKIP_INSTALL = YES;
				SWIFT_VERSION = 5.0;
				TARGETED_DEVICE_FAMILY = "1,2";
			};
			name = Debug;
		};
		A1F5085922A6F10E005E70F5 /* Release */ = {
			isa = XCBuildConfiguration;
			buildSettings = {
				CODE_SIGN_ENTITLEMENTS = AddItems/AddItems.entitlements;
				CODE_SIGN_STYLE = Automatic;
				DEVELOPMENT_TEAM = B9W399TV4M;
				INFOPLIST_FILE = AddItems/Info.plist;
				LD_RUNPATH_SEARCH_PATHS = (
					"$(inherited)",
					"@executable_path/Frameworks",
					"@executable_path/../../Frameworks",
				);
				PRODUCT_BUNDLE_IDENTIFIER = UTS.GroceryListApp11.AddItems;
				PRODUCT_NAME = "$(TARGET_NAME)";
				SKIP_INSTALL = YES;
				SWIFT_VERSION = 5.0;
				TARGETED_DEVICE_FAMILY = "1,2";
			};
			name = Release;
		};
/* End XCBuildConfiguration section */

/* Begin XCConfigurationList section */
		40E627CB229525D500088276 /* Build configuration list for PBXProject "groceryList" */ = {
			isa = XCConfigurationList;
			buildConfigurations = (
				40E627E3229525D800088276 /* Debug */,
				40E627E4229525D800088276 /* Release */,
			);
			defaultConfigurationIsVisible = 0;
			defaultConfigurationName = Release;
		};
		40E627E5229525D800088276 /* Build configuration list for PBXNativeTarget "GroceryList" */ = {
			isa = XCConfigurationList;
			buildConfigurations = (
				40E627E6229525D800088276 /* Debug */,
				40E627E7229525D800088276 /* Release */,
			);
			defaultConfigurationIsVisible = 0;
			defaultConfigurationName = Release;
		};
		A1F5085722A6F10E005E70F5 /* Build configuration list for PBXNativeTarget "AddItems" */ = {
			isa = XCConfigurationList;
			buildConfigurations = (
				A1F5085822A6F10E005E70F5 /* Debug */,
				A1F5085922A6F10E005E70F5 /* Release */,
			);
			defaultConfigurationIsVisible = 0;
			defaultConfigurationName = Release;
		};
/* End XCConfigurationList section */

/* Begin XCVersionGroup section */
		40E627DA229525D500088276 /* GroceryList.xcdatamodeld */ = {
			isa = XCVersionGroup;
			children = (
				40E627DB229525D500088276 /* GroceryList.xcdatamodel */,
			);
			currentVersion = 40E627DB229525D500088276 /* GroceryList.xcdatamodel */;
			path = GroceryList.xcdatamodeld;
			sourceTree = "<group>";
			versionGroupType = wrapper.xcdatamodel;
		};
/* End XCVersionGroup section */
	};
	rootObject = 40E627C8229525D500088276 /* Project object */;
}
